{
  "name": "viso-media-tool",
  "version": "1.0.0",
  "lockfileVersion": 3,
  "requires": true,
  "packages": {
    "": {
      "name": "viso-media-tool",
      "version": "1.0.0",
      "dependencies": {
        "@sparticuz/chromium": "131.0.1",
        "puppeteer-core": "23.11.1"
      }
    }
  }
}
